
Microsoft Visual Studio Solution File, Format Version 12.00
# Visual Studio Version 17
VisualStudioVersion = 17.14.36127.28 d17.14
MinimumVisualStudioVersion = 10.0.40219.1
Project("{FAE04EC0-301F-11D3-BF4B-00C04F79EFBC}") = "QueuedActions", "QueuedActions\QueuedActions.csproj", "{4DB70DA7-1A1D-45C9-B1E5-B1D0C3DAA10C}"
EndProject
Global
	GlobalSection(SolutionConfigurationPlatforms) = preSolution
		Debug|Any CPU = Debug|Any CPU
		Release|Any CPU = Release|Any CPU
	EndGlobalSection
	GlobalSection(ProjectConfigurationPlatforms) = postSolution
		{4DB70DA7-1A1D-45C9-B1E5-B1D0C3DAA10C}.Debug|Any CPU.ActiveCfg = Debug|Any CPU
		{4DB70DA7-1A1D-45C9-B1E5-B1D0C3DAA10C}.Debug|Any CPU.Build.0 = Debug|Any CPU
		{4DB70DA7-1A1D-45C9-B1E5-B1D0C3DAA10C}.Release|Any CPU.ActiveCfg = Release|Any CPU
		{4DB70DA7-1A1D-45C9-B1E5-B1D0C3DAA10C}.Release|Any CPU.Build.0 = Release|Any CPU
	EndGlobalSection
	GlobalSection(SolutionProperties) = preSolution
		HideSolutionNode = FALSE
	EndGlobalSection
	GlobalSection(ExtensibilityGlobals) = postSolution
		SolutionGuid = {E001035F-F401-4184-BAFC-0A6CCE621603}
	EndGlobalSection
EndGlobal
